
Microsoft Visual Studio Solution File, Format Version 12.00
# Visual Studio Version 17
VisualStudioVersion = 17.11.35312.102
MinimumVisualStudioVersion = 10.0.40219.1
Project("{FAE04EC0-301F-11D3-BF4B-00C04F79EFBC}") = "WpfApp1", "WpfApp1\WpfApp1.csproj", "{A1241BF0-67FA-4D54-B966-2F742BA5A967}"
EndProject
Global
	GlobalSection(SolutionConfigurationPlatforms) = preSolution
		Debug|Any CPU = Debug|Any CPU
		Release|Any CPU = Release|Any CPU
	EndGlobalSection
	GlobalSection(ProjectConfigurationPlatforms) = postSolution
		{A1241BF0-67FA-4D54-B966-2F742BA5A967}.Debug|Any CPU.ActiveCfg = Debug|Any CPU
		{A1241BF0-67FA-4D54-B966-2F742BA5A967}.Debug|Any CPU.Build.0 = Debug|Any CPU
		{A1241BF0-67FA-4D54-B966-2F742BA5A967}.Release|Any CPU.ActiveCfg = Release|Any CPU
		{A1241BF0-67FA-4D54-B966-2F742BA5A967}.Release|Any CPU.Build.0 = Release|Any CPU
	EndGlobalSection
	GlobalSection(SolutionProperties) = preSolution
		HideSolutionNode = FALSE
	EndGlobalSection
	GlobalSection(ExtensibilityGlobals) = postSolution
		SolutionGuid = {06CB44F4-CF35-476E-906E-7C29B71F432A}
	EndGlobalSection
EndGlobal
